
Microsoft Visual Studio Solution File, Format Version 12.00
# Visual Studio Version 16
VisualStudioVersion = 16.0.32510.428
MinimumVisualStudioVersion = 10.0.40219.1
Project("{FAE04EC0-301F-11D3-BF4B-00C04F79EFBC}") = "testswipe.Android", "testswipe\testswipe.Android\testswipe.Android.csproj", "{378E9E5D-0F2C-471B-A470-4CD558008BCF}"
EndProject
Project("{FAE04EC0-301F-11D3-BF4B-00C04F79EFBC}") = "testswipe", "testswipe\testswipe\testswipe.csproj", "{EF524D22-D09C-4134-A312-D715F80F4248}"
EndProject
Global
	GlobalSection(SolutionConfigurationPlatforms) = preSolution
		Debug|Any CPU = Debug|Any CPU
		Release|Any CPU = Release|Any CPU
	EndGlobalSection
	GlobalSection(ProjectConfigurationPlatforms) = postSolution
		{378E9E5D-0F2C-471B-A470-4CD558008BCF}.Debug|Any CPU.ActiveCfg = Debug|Any CPU
		{378E9E5D-0F2C-471B-A470-4CD558008BCF}.Debug|Any CPU.Build.0 = Debug|Any CPU
		{378E9E5D-0F2C-471B-A470-4CD558008BCF}.Debug|Any CPU.Deploy.0 = Debug|Any CPU
		{378E9E5D-0F2C-471B-A470-4CD558008BCF}.Release|Any CPU.ActiveCfg = Release|Any CPU
		{378E9E5D-0F2C-471B-A470-4CD558008BCF}.Release|Any CPU.Build.0 = Release|Any CPU
		{378E9E5D-0F2C-471B-A470-4CD558008BCF}.Release|Any CPU.Deploy.0 = Release|Any CPU
		{EF524D22-D09C-4134-A312-D715F80F4248}.Debug|Any CPU.ActiveCfg = Debug|Any CPU
		{EF524D22-D09C-4134-A312-D715F80F4248}.Debug|Any CPU.Build.0 = Debug|Any CPU
		{EF524D22-D09C-4134-A312-D715F80F4248}.Debug|Any CPU.Deploy.0 = Debug|Any CPU
		{EF524D22-D09C-4134-A312-D715F80F4248}.Release|Any CPU.ActiveCfg = Release|Any CPU
		{EF524D22-D09C-4134-A312-D715F80F4248}.Release|Any CPU.Build.0 = Release|Any CPU
		{EF524D22-D09C-4134-A312-D715F80F4248}.Release|Any CPU.Deploy.0 = Release|Any CPU
	EndGlobalSection
	GlobalSection(SolutionProperties) = preSolution
		HideSolutionNode = FALSE
	EndGlobalSection
	GlobalSection(ExtensibilityGlobals) = postSolution
		SolutionGuid = {425408F7-9FEB-4401-BC87-2D5A7CBC59D9}
	EndGlobalSection
EndGlobal
